{
  "name": "iq-studio-site",
  "version": "1.0.0",
  "lockfileVersion": 3,
  "requires": true,
  "packages": {
    "": {
      "name": "iq-studio-site",
      "version": "1.0.0",
      "dependencies": {
        "@fontsource-variable/noto-sans-tc": "^5.3.0",
        "@fontsource-variable/work-sans": "^5.3.0",
        "@fontsource/space-mono": "^5.3.0"
      }
    },
    "node_modules/@fontsource-variable/noto-sans-tc": {
      "version": "5.3.0",
      "resolved": "https://registry.npmjs.org/@fontsource-variable/noto-sans-tc/-/noto-sans-tc-5.3.0.tgz",
      "integrity": "sha512-sniyvTx+yRXlce9bjBV0i3kBG3/YFJiz6SZA9plNJLCR4TbY8il+G759gAXWHZu01eAclbJEN2YR+qbQjZTjkg==",
      "license": "OFL-1.1",
      "funding": {
        "url": "https://github.com/sponsors/ayuhito"
      }
    },
    "node_modules/@fontsource-variable/work-sans": {
      "version": "5.3.0",
      "resolved": "https://registry.npmjs.org/@fontsource-variable/work-sans/-/work-sans-5.3.0.tgz",
      "integrity": "sha512-le8h/OIIuhm5Z7TdvuMw0yKg2gaCZUiMec8zaumsVVjzeJRBPEF0bQI/MkaZDHCVzZDvZoP/O2LiGOSfDLSbaw==",
      "license": "OFL-1.1",
      "funding": {
        "url": "https://github.com/sponsors/ayuhito"
      }
    },
    "node_modules/@fontsource/space-mono": {
      "version": "5.3.0",
      "resolved": "https://registry.npmjs.org/@fontsource/space-mono/-/space-mono-5.3.0.tgz",
      "integrity": "sha512-FrpBMOVWn3PRdRHlrZWC55X3kZG/2BTH7SM5ZyS/bky3iKya2BturI5lk+t0RoDQL2JyHzURsVq/EisCsxpI5A==",
      "license": "OFL-1.1",
      "funding": {
        "url": "https://github.com/sponsors/ayuhito"
      }
    }
  }
}
